// !$*UTF8*$!
{
	archiveVersion = 1;
	classes = {
	};
	objectVersion = 46;
	objects = {

/* Begin PBXBuildFile section */
		628F671A19990F3800E8FD7C /* Foundation.framework in Frameworks */ = {isa = PBXBuildFile; fileRef = 628F671919990F3800E8FD7C /* Foundation.framework */; };
		628F671C19990F3800E8FD7C /* CoreGraphics.framework in Frameworks */ = {isa = PBXBuildFile; fileRef = 628F671B19990F3800E8FD7C /* CoreGraphics.framework */; };
		628F671E19990F3800E8FD7C /* UIKit.framework in Frameworks */ = {isa = PBXBuildFile; fileRef = 628F671D19990F3800E8FD7C /* UIKit.framework */; };
		628F672419990F3800E8FD7C /* InfoPlist.strings in Resources */ = {isa = PBXBuildFile; fileRef = 628F672219990F3800E8FD7C /* InfoPlist.strings */; };
		628F672619990F3800E8FD7C /* main.m in Sources */ = {isa = PBXBuildFile; fileRef = 628F672519990F3800E8FD7C /* main.m */; };
		628F672A19990F3800E8FD7C /* AppDelegate.m in Sources */ = {isa = PBXBuildFile; fileRef = 628F672919990F3800E8FD7C /* AppDelegate.m */; };
		628F672D19990F3800E8FD7C /* Main.storyboard in Resources */ = {isa = PBXBuildFile; fileRef = 628F672B19990F3800E8FD7C /* Main.storyboard */; };
		628F673019990F3800E8FD7C /* ViewController.m in Sources */ = {isa = PBXBuildFile; fileRef = 628F672F19990F3800E8FD7C /* ViewController.m */; };
		628F673219990F3800E8FD7C /* Images.xcassets in Resources */ = {isa = PBXBuildFile; fileRef = 628F673119990F3800E8FD7C /* Images.xcassets */; };
		628F673919990F3800E8FD7C /* XCTest.framework in Frameworks */ = {isa = PBXBuildFile; fileRef = 628F673819990F3800E8FD7C /* XCTest.framework */; };
		628F673A19990F3800E8FD7C /* Foundation.framework in Frameworks */ = {isa = PBXBuildFile; fileRef = 628F671919990F3800E8FD7C /* Foundation.framework */; };
		628F673B19990F3800E8FD7C /* UIKit.framework in Frameworks */ = {isa = PBXBuildFile; fileRef = 628F671D19990F3800E8FD7C /* UIKit.framework */; };
		628F674319990F3800E8FD7C /* InfoPlist.strings in Resources */ = {isa = PBXBuildFile; fileRef = 628F674119990F3800E8FD7C /* InfoPlist.strings */; };
		628F674519990F3800E8FD7C /* imageDrawingControllerTests.m in Sources */ = {isa = PBXBuildFile; fileRef = 628F674419990F3800E8FD7C /* imageDrawingControllerTests.m */; };
/* End PBXBuildFile section */

/* Begin PBXContainerItemProxy section */
		628F673C19990F3800E8FD7C /* PBXContainerItemProxy */ = {
			isa = PBXContainerItemProxy;
			containerPortal = 628F670E19990F3800E8FD7C /* Project object */;
			proxyType = 1;
			remoteGlobalIDString = 628F671519990F3800E8FD7C;
			remoteInfo = imageDrawingController;
		};
/* End PBXContainerItemProxy section */

/* Begin PBXFileReference section */
		628F671619990F3800E8FD7C /* imageDrawingController.app */ = {isa = PBXFileReference; explicitFileType = wrapper.application; includeInIndex = 0; path = imageDrawingController.app; sourceTree = BUILT_PRODUCTS_DIR; };
		628F671919990F3800E8FD7C /* Foundation.framework */ = {isa = PBXFileReference; lastKnownFileType = wrapper.framework; name = Foundation.framework; path = System/Library/Frameworks/Foundation.framework; sourceTree = SDKROOT; };
		628F671B19990F3800E8FD7C /* CoreGraphics.framework */ = {isa = PBXFileReference; lastKnownFileType = wrapper.framework; name = CoreGraphics.framework; path = System/Library/Frameworks/CoreGraphics.framework; sourceTree = SDKROOT; };
		628F671D19990F3800E8FD7C /* UIKit.framework */ = {isa = PBXFileReference; lastKnownFileType = wrapper.framework; name = UIKit.framework; path = System/Library/Frameworks/UIKit.framework; sourceTree = SDKROOT; };
		628F672119990F3800E8FD7C /* imageDrawingController-Info.plist */ = {isa = PBXFileReference; lastKnownFileType = text.plist.xml; path = "imageDrawingController-Info.plist"; sourceTree = "<group>"; };
		628F672319990F3800E8FD7C /* en */ = {isa = PBXFileReference; lastKnownFileType = text.plist.strings; name = en; path = en.lproj/InfoPlist.strings; sourceTree = "<group>"; };
		628F672519990F3800E8FD7C /* main.m */ = {isa = PBXFileReference; lastKnownFileType = sourcecode.c.objc; path = main.m; sourceTree = "<group>"; };
		628F672719990F3800E8FD7C /* imageDrawingController-Prefix.pch */ = {isa = PBXFileReference; lastKnownFileType = sourcecode.c.h; path = "imageDrawingController-Prefix.pch"; sourceTree = "<group>"; };
		628F672819990F3800E8FD7C /* AppDelegate.h */ = {isa = PBXFileReference; lastKnownFileType = sourcecode.c.h; path = AppDelegate.h; sourceTree = "<group>"; };
		628F672919990F3800E8FD7C /* AppDelegate.m */ = {isa = PBXFileReference; lastKnownFileType = sourcecode.c.objc; path = AppDelegate.m; sourceTree = "<group>"; };
		628F672C19990F3800E8FD7C /* Base */ = {isa = PBXFileReference; lastKnownFileType = file.storyboard; name = Base; path = Base.lproj/Main.storyboard; sourceTree = "<group>"; };
		628F672E19990F3800E8FD7C /* ViewController.h */ = {isa = PBXFileReference; lastKnownFileType = sourcecode.c.h; path = ViewController.h; sourceTree = "<group>"; };
		628F672F19990F3800E8FD7C /* ViewController.m */ = {isa = PBXFileReference; lastKnownFileType = sourcecode.c.objc; path = ViewController.m; sourceTree = "<group>"; };
		628F673119990F3800E8FD7C /* Images.xcassets */ = {isa = PBXFileReference; lastKnownFileType = folder.assetcatalog; path = Images.xcassets; sourceTree = "<group>"; };
		628F673719990F3800E8FD7C /* imageDrawingControllerTests.xctest */ = {isa = PBXFileReference; explicitFileType = wrapper.cfbundle; includeInIndex = 0; path = imageDrawingControllerTests.xctest; sourceTree = BUILT_PRODUCTS_DIR; };
		628F673819990F3800E8FD7C /* XCTest.framework */ = {isa = PBXFileReference; lastKnownFileType = wrapper.framework; name = XCTest.framework; path = Library/Frameworks/XCTest.framework; sourceTree = DEVELOPER_DIR; };
		628F674019990F3800E8FD7C /* imageDrawingControllerTests-Info.plist */ = {isa = PBXFileReference; lastKnownFileType = text.plist.xml; path = "imageDrawingControllerTests-Info.plist"; sourceTree = "<group>"; };
		628F674219990F3800E8FD7C /* en */ = {isa = PBXFileReference; lastKnownFileType = text.plist.strings; name = en; path = en.lproj/InfoPlist.strings; sourceTree = "<group>"; };
		628F674419990F3800E8FD7C /* imageDrawingControllerTests.m */ = {isa = PBXFileReference; lastKnownFileType = sourcecode.c.objc; path = imageDrawingControllerTests.m; sourceTree = "<group>"; };
/* End PBXFileReference section */

/* Begin PBXFrameworksBuildPhase section */
		628F671319990F3800E8FD7C /* Frameworks */ = {
			isa = PBXFrameworksBuildPhase;
			buildActionMask = 2147483647;
			files = (
				628F671C19990F3800E8FD7C /* CoreGraphics.framework in Frameworks */,
				628F671E19990F3800E8FD7C /* UIKit.framework in Frameworks */,
				628F671A19990F3800E8FD7C /* Foundation.framework in Frameworks */,
			);
			runOnlyForDeploymentPostprocessing = 0;
		};
		628F673419990F3800E8FD7C /* Frameworks */ = {
			isa = PBXFrameworksBuildPhase;
			buildActionMask = 2147483647;
			files = (
				628F673919990F3800E8FD7C /* XCTest.framework in Frameworks */,
				628F673B19990F3800E8FD7C /* UIKit.framework in Frameworks */,
				628F673A19990F3800E8FD7C /* Foundation.framework in Frameworks */,
			);
			runOnlyForDeploymentPostprocessing = 0;
		};
/* End PBXFrameworksBuildPhase section */

/* Begin PBXGroup section */
		628F670D19990F3800E8FD7C = {
			isa = PBXGroup;
			children = (
				628F671F19990F3800E8FD7C /* imageDrawingController */,
				628F673E19990F3800E8FD7C /* imageDrawingControllerTests */,
				628F671819990F3800E8FD7C /* Frameworks */,
				628F671719990F3800E8FD7C /* Products */,
			);
			sourceTree = "<group>";
		};
		628F671719990F3800E8FD7C /* Products */ = {
			isa = PBXGroup;
			children = (
				628F671619990F3800E8FD7C /* imageDrawingController.app */,
				628F673719990F3800E8FD7C /* imageDrawingControllerTests.xctest */,
			);
			name = Products;
			sourceTree = "<group>";
		};
		628F671819990F3800E8FD7C /* Frameworks */ = {
			isa = PBXGroup;
			children = (
				628F671919990F3800E8FD7C /* Foundation.framework */,
				628F671B19990F3800E8FD7C /* CoreGraphics.framework */,
				628F671D19990F3800E8FD7C /* UIKit.framework */,
				628F673819990F3800E8FD7C /* XCTest.framework */,
			);
			name = Frameworks;
			sourceTree = "<group>";
		};
		628F671F19990F3800E8FD7C /* imageDrawingController */ = {
			isa = PBXGroup;
			children = (
				628F672819990F3800E8FD7C /* AppDelegate.h */,
				628F672919990F3800E8FD7C /* AppDelegate.m */,
				628F672B19990F3800E8FD7C /* Main.storyboard */,
				628F672E19990F3800E8FD7C /* ViewController.h */,
				628F672F19990F3800E8FD7C /* ViewController.m */,
				628F673119990F3800E8FD7C /* Images.xcassets */,
				628F672019990F3800E8FD7C /* Supporting Files */,
			);
			path = imageDrawingController;
			sourceTree = "<group>";
		};
		628F672019990F3800E8FD7C /* Supporting Files */ = {
			isa = PBXGroup;
			children = (
				628F672119990F3800E8FD7C /* imageDrawingController-Info.plist */,
				628F672219990F3800E8FD7C /* InfoPlist.strings */,
				628F672519990F3800E8FD7C /* main.m */,
				628F672719990F3800E8FD7C /* imageDrawingController-Prefix.pch */,
			);
			name = "Supporting Files";
			sourceTree = "<group>";
		};
		628F673E19990F3800E8FD7C /* imageDrawingControllerTests */ = {
			isa = PBXGroup;
			children = (
				628F674419990F3800E8FD7C /* imageDrawingControllerTests.m */,
				628F673F19990F3800E8FD7C /* Supporting Files */,
			);
			path = imageDrawingControllerTests;
			sourceTree = "<group>";
		};
		628F673F19990F3800E8FD7C /* Supporting Files */ = {
			isa = PBXGroup;
			children = (
				628F674019990F3800E8FD7C /* imageDrawingControllerTests-Info.plist */,
				628F674119990F3800E8FD7C /* InfoPlist.strings */,
			);
			name = "Supporting Files";
			sourceTree = "<group>";
		};
/* End PBXGroup section */

/* Begin PBXNativeTarget section */
		628F671519990F3800E8FD7C /* imageDrawingController */ = {
			isa = PBXNativeTarget;
			buildConfigurationList = 628F674819990F3800E8FD7C /* Build configuration list for PBXNativeTarget "imageDrawingController" */;
			buildPhases = (
				628F671219990F3800E8FD7C /* Sources */,
				628F671319990F3800E8FD7C /* Frameworks */,
				628F671419990F3800E8FD7C /* Resources */,
			);
			buildRules = (
			);
			dependencies = (
			);
			name = imageDrawingController;
			productName = imageDrawingController;
			productReference = 628F671619990F3800E8FD7C /* imageDrawingController.app */;
			productType = "com.apple.product-type.application";
		};
		628F673619990F3800E8FD7C /* imageDrawingControllerTests */ = {
			isa = PBXNativeTarget;
			buildConfigurationList = 628F674B19990F3800E8FD7C /* Build configuration list for PBXNativeTarget "imageDrawingControllerTests" */;
			buildPhases = (
				628F673319990F3800E8FD7C /* Sources */,
				628F673419990F3800E8FD7C /* Frameworks */,
				628F673519990F3800E8FD7C /* Resources */,
			);
			buildRules = (
			);
			dependencies = (
				628F673D19990F3800E8FD7C /* PBXTargetDependency */,
			);
			name = imageDrawingControllerTests;
			productName = imageDrawingControllerTests;
			productReference = 628F673719990F3800E8FD7C /* imageDrawingControllerTests.xctest */;
			productType = "com.apple.product-type.bundle.unit-test";
		};
/* End PBXNativeTarget section */

/* Begin PBXProject section */
		628F670E19990F3800E8FD7C /* Project object */ = {
			isa = PBXProject;
			attributes = {
				LastUpgradeCheck = 0510;
				ORGANIZATIONNAME = "Maitrayee Ghosh";
				TargetAttributes = {
					628F673619990F3800E8FD7C = {
						TestTargetID = 628F671519990F3800E8FD7C;
					};
				};
			};
			buildConfigurationList = 628F671119990F3800E8FD7C /* Build configuration list for PBXProject "imageDrawingController" */;
			compatibilityVersion = "Xcode 3.2";
			developmentRegion = English;
			hasScannedForEncodings = 0;
			knownRegions = (
				en,
				Base,
			);
			mainGroup = 628F670D19990F3800E8FD7C;
			productRefGroup = 628F671719990F3800E8FD7C /* Products */;
			projectDirPath = "";
			projectRoot = "";
			targets = (
				628F671519990F3800E8FD7C /* imageDrawingController */,
				628F673619990F3800E8FD7C /* imageDrawingControllerTests */,
			);
		};
/* End PBXProject section */

/* Begin PBXResourcesBuildPhase section */
		628F671419990F3800E8FD7C /* Resources */ = {
			isa = PBXResourcesBuildPhase;
			buildActionMask = 2147483647;
			files = (
				628F673219990F3800E8FD7C /* Images.xcassets in Resources */,
				628F672419990F3800E8FD7C /* InfoPlist.strings in Resources */,
				628F672D19990F3800E8FD7C /* Main.storyboard in Resources */,
			);
			runOnlyForDeploymentPostprocessing = 0;
		};
		628F673519990F3800E8FD7C /* Resources */ = {
			isa = PBXResourcesBuildPhase;
			buildActionMask = 2147483647;
			files = (
				628F674319990F3800E8FD7C /* InfoPlist.strings in Resources */,
			);
			runOnlyForDeploymentPostprocessing = 0;
		};
/* End PBXResourcesBuildPhase section */

/* Begin PBXSourcesBuildPhase section */
		628F671219990F3800E8FD7C /* Sources */ = {
			isa = PBXSourcesBuildPhase;
			buildActionMask = 2147483647;
			files = (
				628F673019990F3800E8FD7C /* ViewController.m in Sources */,
				628F672A19990F3800E8FD7C /* AppDelegate.m in Sources */,
				628F672619990F3800E8FD7C /* main.m in Sources */,
			);
			runOnlyForDeploymentPostprocessing = 0;
		};
		628F673319990F3800E8FD7C /* Sources */ = {
			isa = PBXSourcesBuildPhase;
			buildActionMask = 2147483647;
			files = (
				628F674519990F3800E8FD7C /* imageDrawingControllerTests.m in Sources */,
			);
			runOnlyForDeploymentPostprocessing = 0;
		};
/* End PBXSourcesBuildPhase section */

/* Begin PBXTargetDependency section */
		628F673D19990F3800E8FD7C /* PBXTargetDependency */ = {
			isa = PBXTargetDependency;
			target = 628F671519990F3800E8FD7C /* imageDrawingController */;
			targetProxy = 628F673C19990F3800E8FD7C /* PBXContainerItemProxy */;
		};
/* End PBXTargetDependency section */

/* Begin PBXVariantGroup section */
		628F672219990F3800E8FD7C /* InfoPlist.strings */ = {
			isa = PBXVariantGroup;
			children = (
				628F672319990F3800E8FD7C /* en */,
			);
			name = InfoPlist.strings;
			sourceTree = "<group>";
		};
		628F672B19990F3800E8FD7C /* Main.storyboard */ = {
			isa = PBXVariantGroup;
			children = (
				628F672C19990F3800E8FD7C /* Base */,
			);
			name = Main.storyboard;
			sourceTree = "<group>";
		};
		628F674119990F3800E8FD7C /* InfoPlist.strings */ = {
			isa = PBXVariantGroup;
			children = (
				628F674219990F3800E8FD7C /* en */,
			);
			name = InfoPlist.strings;
			sourceTree = "<group>";
		};
/* End PBXVariantGroup section */

/* Begin XCBuildConfiguration section */
		628F674619990F3800E8FD7C /* Debug */ = {
			isa = XCBuildConfiguration;
			buildSettings = {
				ALWAYS_SEARCH_USER_PATHS = NO;
				CLANG_CXX_LANGUAGE_STANDARD = "gnu++0x";
				CLANG_CXX_LIBRARY = "libc++";
				CLANG_ENABLE_MODULES = YES;
				CLANG_ENABLE_OBJC_ARC = YES;
				CLANG_WARN_BOOL_CONVERSION = YES;
				CLANG_WARN_CONSTANT_CONVERSION = YES;
				CLANG_WARN_DIRECT_OBJC_ISA_USAGE = YES_ERROR;
				CLANG_WARN_EMPTY_BODY = YES;
				CLANG_WARN_ENUM_CONVERSION = YES;
				CLANG_WARN_INT_CONVERSION = YES;
				CLANG_WARN_OBJC_ROOT_CLASS = YES_ERROR;
				CLANG_WARN__DUPLICATE_METHOD_MATCH = YES;
				"CODE_SIGN_IDENTITY[sdk=iphoneos*]" = "iPhone Developer";
				COPY_PHASE_STRIP = NO;
				GCC_C_LANGUAGE_STANDARD = gnu99;
				GCC_DYNAMIC_NO_PIC = NO;
				GCC_OPTIMIZATION_LEVEL = 0;
				GCC_PREPROCESSOR_DEFINITIONS = (
					"DEBUG=1",
					"$(inherited)",
				);
				GCC_SYMBOLS_PRIVATE_EXTERN = NO;
				GCC_WARN_64_TO_32_BIT_CONVERSION = YES;
				GCC_WARN_ABOUT_RETURN_TYPE = YES_ERROR;
				GCC_WARN_UNDECLARED_SELECTOR = YES;
				GCC_WARN_UNINITIALIZED_AUTOS = YES_AGGRESSIVE;
				GCC_WARN_UNUSED_FUNCTION = YES;
				GCC_WARN_UNUSED_VARIABLE = YES;
				IPHONEOS_DEPLOYMENT_TARGET = 7.1;
				ONLY_ACTIVE_ARCH = YES;
				SDKROOT = iphoneos;
			};
			name = Debug;
		};
		628F674719990F3800E8FD7C /* Release */ = {
			isa = XCBuildConfiguration;
			buildSettings = {
				ALWAYS_SEARCH_USER_PATHS = NO;
				CLANG_CXX_LANGUAGE_STANDARD = "gnu++0x";
				CLANG_CXX_LIBRARY = "libc++";
				CLANG_ENABLE_MODULES = YES;
				CLANG_ENABLE_OBJC_ARC = YES;
				CLANG_WARN_BOOL_CONVERSION = YES;
				CLANG_WARN_CONSTANT_CONVERSION = YES;
				CLANG_WARN_DIRECT_OBJC_ISA_USAGE = YES_ERROR;
				CLANG_WARN_EMPTY_BODY = YES;
				CLANG_WARN_ENUM_CONVERSION = YES;
				CLANG_WARN_INT_CONVERSION = YES;
				CLANG_WARN_OBJC_ROOT_CLASS = YES_ERROR;
				CLANG_WARN__DUPLICATE_METHOD_MATCH = YES;
				"CODE_SIGN_IDENTITY[sdk=iphoneos*]" = "iPhone Developer";
				COPY_PHASE_STRIP = YES;
				ENABLE_NS_ASSERTIONS = NO;
				GCC_C_LANGUAGE_STANDARD = gnu99;
				GCC_WARN_64_TO_32_BIT_CONVERSION = YES;
				GCC_WARN_ABOUT_RETURN_TYPE = YES_ERROR;
				GCC_WARN_UNDECLARED_SELECTOR = YES;
				GCC_WARN_UNINITIALIZED_AUTOS = YES_AGGRESSIVE;
				GCC_WARN_UNUSED_FUNCTION = YES;
				GCC_WARN_UNUSED_VARIABLE = YES;
				IPHONEOS_DEPLOYMENT_TARGET = 7.1;
				SDKROOT = iphoneos;
				VALIDATE_PRODUCT = YES;
			};
			name = Release;
		};
		628F674919990F3800E8FD7C /* Debug */ = {
			isa = XCBuildConfiguration;
			buildSettings = {
				ASSETCATALOG_COMPILER_APPICON_NAME = AppIcon;
				ASSETCATALOG_COMPILER_LAUNCHIMAGE_NAME = LaunchImage;
				GCC_PRECOMPILE_PREFIX_HEADER = YES;
				GCC_PREFIX_HEADER = "imageDrawingController/imageDrawingController-Prefix.pch";
				INFOPLIST_FILE = "imageDrawingController/imageDrawingController-Info.plist";
				PRODUCT_NAME = "$(TARGET_NAME)";
				WRAPPER_EXTENSION = app;
			};
			name = Debug;
		};
		628F674A19990F3800E8FD7C /* Release */ = {
			isa = XCBuildConfiguration;
			buildSettings = {
				ASSETCATALOG_COMPILER_APPICON_NAME = AppIcon;
				ASSETCATALOG_COMPILER_LAUNCHIMAGE_NAME = LaunchImage;
				GCC_PRECOMPILE_PREFIX_HEADER = YES;
				GCC_PREFIX_HEADER = "imageDrawingController/imageDrawingController-Prefix.pch";
				INFOPLIST_FILE = "imageDrawingController/imageDrawingController-Info.plist";
				PRODUCT_NAME = "$(TARGET_NAME)";
				WRAPPER_EXTENSION = app;
			};
			name = Release;
		};
		628F674C19990F3800E8FD7C /* Debug */ = {
			isa = XCBuildConfiguration;
			buildSettings = {
				BUNDLE_LOADER = "$(BUILT_PRODUCTS_DIR)/imageDrawingController.app/imageDrawingController";
				FRAMEWORK_SEARCH_PATHS = (
					"$(SDKROOT)/Developer/Library/Frameworks",
					"$(inherited)",
					"$(DEVELOPER_FRAMEWORKS_DIR)",
				);
				GCC_PRECOMPILE_PREFIX_HEADER = YES;
				GCC_PREFIX_HEADER = "imageDrawingController/imageDrawingController-Prefix.pch";
				GCC_PREPROCESSOR_DEFINITIONS = (
					"DEBUG=1",
					"$(inherited)",
				);
				INFOPLIST_FILE = "imageDrawingControllerTests/imageDrawingControllerTests-Info.plist";
				PRODUCT_NAME = "$(TARGET_NAME)";
				TEST_HOST = "$(BUNDLE_LOADER)";
				WRAPPER_EXTENSION = xctest;
			};
			name = Debug;
		};
		628F674D19990F3800E8FD7C /* Release */ = {
			isa = XCBuildConfiguration;
			buildSettings = {
				BUNDLE_LOADER = "$(BUILT_PRODUCTS_DIR)/imageDrawingController.app/imageDrawingController";
				FRAMEWORK_SEARCH_PATHS = (
					"$(SDKROOT)/Developer/Library/Frameworks",
					"$(inherited)",
					"$(DEVELOPER_FRAMEWORKS_DIR)",
				);
				GCC_PRECOMPILE_PREFIX_HEADER = YES;
				GCC_PREFIX_HEADER = "imageDrawingController/imageDrawingController-Prefix.pch";
				INFOPLIST_FILE = "imageDrawingControllerTests/imageDrawingControllerTests-Info.plist";
				PRODUCT_NAME = "$(TARGET_NAME)";
				TEST_HOST = "$(BUNDLE_LOADER)";
				WRAPPER_EXTENSION = xctest;
			};
			name = Release;
		};
/* End XCBuildConfiguration section */

/* Begin XCConfigurationList section */
		628F671119990F3800E8FD7C /* Build configuration list for PBXProject "imageDrawingController" */ = {
			isa = XCConfigurationList;
			buildConfigurations = (
				628F674619990F3800E8FD7C /* Debug */,
				628F674719990F3800E8FD7C /* Release */,
			);
			defaultConfigurationIsVisible = 0;
			defaultConfigurationName = Release;
		};
		628F674819990F3800E8FD7C /* Build configuration list for PBXNativeTarget "imageDrawingController" */ = {
			isa = XCConfigurationList;
			buildConfigurations = (
				628F674919990F3800E8FD7C /* Debug */,
				628F674A19990F3800E8FD7C /* Release */,
			);
			defaultConfigurationIsVisible = 0;
		};
		628F674B19990F3800E8FD7C /* Build configuration list for PBXNativeTarget "imageDrawingControllerTests" */ = {
			isa = XCConfigurationList;
			buildConfigurations = (
				628F674C19990F3800E8FD7C /* Debug */,
				628F674D19990F3800E8FD7C /* Release */,
			);
			defaultConfigurationIsVisible = 0;
		};
/* End XCConfigurationList section */
	};
	rootObject = 628F670E19990F3800E8FD7C /* Project object */;
}
